
Microsoft Visual Studio Solution File, Format Version 12.00
# Visual Studio Version 17
VisualStudioVersion = 17.10.35027.167
MinimumVisualStudioVersion = 10.0.40219.1
Project("{9A19103F-16F7-4668-BE54-9A1E7A4F7556}") = "Application", "WeRent\src\Application\Application.csproj", "{3072E51E-D878-4FA1-97C8-BE35E5180B11}"
EndProject
Project("{9A19103F-16F7-4668-BE54-9A1E7A4F7556}") = "Domain", "WeRent\src\Domain\Domain.csproj", "{F153FABA-6B6A-4C52-9D37-11861424CE25}"
EndProject
Project("{9A19103F-16F7-4668-BE54-9A1E7A4F7556}") = "Infrastructure", "WeRent\src\Infrastructure\Infrastructure.csproj", "{2FA9CE27-3E59-4CB2-B3D0-1F6D13578C59}"
EndProject
Project("{9A19103F-16F7-4668-BE54-9A1E7A4F7556}") = "Web", "WeRent\src\Web\Web.csproj", "{8A950CC1-C9B6-4647-98DE-E3A4818F3486}"
EndProject
Global
	GlobalSection(SolutionConfigurationPlatforms) = preSolution
		Debug|Any CPU = Debug|Any CPU
		Release|Any CPU = Release|Any CPU
	EndGlobalSection
	GlobalSection(ProjectConfigurationPlatforms) = postSolution
		{3072E51E-D878-4FA1-97C8-BE35E5180B11}.Debug|Any CPU.ActiveCfg = Debug|Any CPU
		{3072E51E-D878-4FA1-97C8-BE35E5180B11}.Debug|Any CPU.Build.0 = Debug|Any CPU
		{3072E51E-D878-4FA1-97C8-BE35E5180B11}.Release|Any CPU.ActiveCfg = Release|Any CPU
		{3072E51E-D878-4FA1-97C8-BE35E5180B11}.Release|Any CPU.Build.0 = Release|Any CPU
		{F153FABA-6B6A-4C52-9D37-11861424CE25}.Debug|Any CPU.ActiveCfg = Debug|Any CPU
		{F153FABA-6B6A-4C52-9D37-11861424CE25}.Debug|Any CPU.Build.0 = Debug|Any CPU
		{F153FABA-6B6A-4C52-9D37-11861424CE25}.Release|Any CPU.ActiveCfg = Release|Any CPU
		{F153FABA-6B6A-4C52-9D37-11861424CE25}.Release|Any CPU.Build.0 = Release|Any CPU
		{2FA9CE27-3E59-4CB2-B3D0-1F6D13578C59}.Debug|Any CPU.ActiveCfg = Debug|Any CPU
		{2FA9CE27-3E59-4CB2-B3D0-1F6D13578C59}.Debug|Any CPU.Build.0 = Debug|Any CPU
		{2FA9CE27-3E59-4CB2-B3D0-1F6D13578C59}.Release|Any CPU.ActiveCfg = Release|Any CPU
		{2FA9CE27-3E59-4CB2-B3D0-1F6D13578C59}.Release|Any CPU.Build.0 = Release|Any CPU
		{8A950CC1-C9B6-4647-98DE-E3A4818F3486}.Debug|Any CPU.ActiveCfg = Debug|Any CPU
		{8A950CC1-C9B6-4647-98DE-E3A4818F3486}.Debug|Any CPU.Build.0 = Debug|Any CPU
		{8A950CC1-C9B6-4647-98DE-E3A4818F3486}.Release|Any CPU.ActiveCfg = Release|Any CPU
		{8A950CC1-C9B6-4647-98DE-E3A4818F3486}.Release|Any CPU.Build.0 = Release|Any CPU
	EndGlobalSection
	GlobalSection(SolutionProperties) = preSolution
		HideSolutionNode = FALSE
	EndGlobalSection
	GlobalSection(ExtensibilityGlobals) = postSolution
		SolutionGuid = {EA04E304-C60B-41C5-B8CB-50E41C4600D8}
	EndGlobalSection
EndGlobal
